github.com/gogo/protobuf v1.2.0/go.mod h1:r8qH/GZQm5c6nD/R0oafs1akxWv10x8SbQlK7atdtwQ=
github.com/golang/protobuf v1.2.0 h1:P3YflyNX/ehuJFLhxviNdFxQPkGK5cDcApsge1SqnvM=
github.com/golang/protobuf v1.2.0/go.mod h1:6lQm79b+lXiMfvg/cZm0SGofjICqVBUtrP5yJMmIC1U=
github.com/google/starlark-go v0.0.0-20191018214235-58de16fb0ee7 h1:zxbFHqhxSiIqNT86n943T2jbsayeQZ+HzQIIax2ibDY=
github.com/google/starlark-go v0.0.0-20191018214235-58de16fb0ee7/go.mod h1:uzmuVEiUw5vnj94+ZmA0HB1VWI0SQPvQHhJBHi9ydtM=
github.com/kylelemons/godebug v0.0.0-20170820004349-d65d576e9348/go.mod h1:B69LEHPfb2qLo0BaaOLcbitczOKLWTsrBG9LczfCD4k=
github.com/stripe/skycfg v0.0.0-20191003232334-40659e52cf16 h1:n8z/TbUUm/W75NXBTgR6HJgTs0EdBzLGpHlQnCVgadw=
github.com/stripe/skycfg v0.0.0-20191003232334-40659e52cf16/go.mod h1:nc0qou0URq+8vaEcIz0O6ZD9DgYdLiwYRWWyB2LwSAU=
go.starlark.net v0.0.0-20190604130855-6ddc71c0ba77 h1:KPzANX1mXqnSWenqVWkSTsQWiaUSpTY5GyGZKI6lStw=
go.starlark.net v0.0.0-20190604130855-6ddc71c0ba77/go.mod h1:c1/X6cHgvdXj6pUlmWKMkuqRnW4K8x2vwt6JAaaircg=
golang.org/x/sync v0.0.0-20190227155943-e225da77a7e6/go.mod h1:RxMgew5VJxzue5/jJTE5uejpjVlOe/izrB70Jof72aM=
gopkg.in/check.v1 v0.0.0-20161208181325-20d25e280405/go.mod h1:Co6ibVJAznAaIkqp8huTwlJQCZ016jof/cbN4VW5Yz0=
gopkg.in/yaml.v2 v2.2.1 h1:mUhvW9EsL+naU5Q3cakzfE91YhliOondGd6ZrsDBHQE=
gopkg.in/yaml.v2 v2.2.1/go.mod h1:hI93XBmqTisBFMUTm0b8Fm+jr3Dg1NNxqwp+5A1VGuI=
